// !$*UTF8*$!
{
	archiveVersion = 1;
	classes = {
	};
	objectVersion = 46;
	objects = {

/* Begin PBXBuildFile section */
		E64EB6991C33CEC5009CA3B2 /* main.m in Sources */ = {isa = PBXBuildFile; fileRef = E64EB6981C33CEC5009CA3B2 /* main.m */; };
		E64EB69C1C33CEC5009CA3B2 /* AppDelegate.m in Sources */ = {isa = PBXBuildFile; fileRef = E64EB69B1C33CEC5009CA3B2 /* AppDelegate.m */; };
		E64EB69F1C33CEC5009CA3B2 /* ViewController.m in Sources */ = {isa = PBXBuildFile; fileRef = E64EB69E1C33CEC5009CA3B2 /* ViewController.m */; };
		E64EB6A21C33CEC5009CA3B2 /* Main.storyboard in Resources */ = {isa = PBXBuildFile; fileRef = E64EB6A01C33CEC5009CA3B2 /* Main.storyboard */; };
		E64EB6A41C33CEC5009CA3B2 /* Assets.xcassets in Resources */ = {isa = PBXBuildFile; fileRef = E64EB6A31C33CEC5009CA3B2 /* Assets.xcassets */; };
		E64EB6A71C33CEC5009CA3B2 /* LaunchScreen.storyboard in Resources */ = {isa = PBXBuildFile; fileRef = E64EB6A51C33CEC5009CA3B2 /* LaunchScreen.storyboard */; };
		E64EB6B21C33CEC5009CA3B2 /* YLSliderVCTests.m in Sources */ = {isa = PBXBuildFile; fileRef = E64EB6B11C33CEC5009CA3B2 /* YLSliderVCTests.m */; };
		E64EB6BD1C33CEC5009CA3B2 /* YLSliderVCUITests.m in Sources */ = {isa = PBXBuildFile; fileRef = E64EB6BC1C33CEC5009CA3B2 /* YLSliderVCUITests.m */; };
		E64EB6E71C33D50C009CA3B2 /* Info.plist in Resources */ = {isa = PBXBuildFile; fileRef = E64EB6CD1C33D50C009CA3B2 /* Info.plist */; };
		E64EB6E81C33D50C009CA3B2 /* MASCompositeConstraint.m in Sources */ = {isa = PBXBuildFile; fileRef = E64EB6CF1C33D50C009CA3B2 /* MASCompositeConstraint.m */; };
		E64EB6E91C33D50C009CA3B2 /* MASConstraint.m in Sources */ = {isa = PBXBuildFile; fileRef = E64EB6D21C33D50C009CA3B2 /* MASConstraint.m */; };
		E64EB6EA1C33D50C009CA3B2 /* MASConstraintMaker.m in Sources */ = {isa = PBXBuildFile; fileRef = E64EB6D41C33D50C009CA3B2 /* MASConstraintMaker.m */; };
		E64EB6EB1C33D50C009CA3B2 /* MASLayoutConstraint.m in Sources */ = {isa = PBXBuildFile; fileRef = E64EB6D61C33D50C009CA3B2 /* MASLayoutConstraint.m */; };
		E64EB6EC1C33D50C009CA3B2 /* MASViewAttribute.m in Sources */ = {isa = PBXBuildFile; fileRef = E64EB6DA1C33D50C009CA3B2 /* MASViewAttribute.m */; };
		E64EB6ED1C33D50C009CA3B2 /* MASViewConstraint.m in Sources */ = {isa = PBXBuildFile; fileRef = E64EB6DC1C33D50C009CA3B2 /* MASViewConstraint.m */; };
		E64EB6EE1C33D50C009CA3B2 /* NSArray+MASAdditions.m in Sources */ = {isa = PBXBuildFile; fileRef = E64EB6DE1C33D50C009CA3B2 /* NSArray+MASAdditions.m */; };
		E64EB6EF1C33D50C009CA3B2 /* NSLayoutConstraint+MASDebugAdditions.m in Sources */ = {isa = PBXBuildFile; fileRef = E64EB6E11C33D50C009CA3B2 /* NSLayoutConstraint+MASDebugAdditions.m */; };
		E64EB6F01C33D50C009CA3B2 /* View+MASAdditions.m in Sources */ = {isa = PBXBuildFile; fileRef = E64EB6E31C33D50C009CA3B2 /* View+MASAdditions.m */; };
		E64EB6F11C33D50C009CA3B2 /* ViewController+MASAdditions.m in Sources */ = {isa = PBXBuildFile; fileRef = E64EB6E61C33D50C009CA3B2 /* ViewController+MASAdditions.m */; };
		E64EB6F71C33E86C009CA3B2 /* YLSliderViewController.m in Sources */ = {isa = PBXBuildFile; fileRef = E64EB6F61C33E86C009CA3B2 /* YLSliderViewController.m */; };
/* End PBXBuildFile section */

/* Begin PBXContainerItemProxy section */
		E64EB6AE1C33CEC5009CA3B2 /* PBXContainerItemProxy */ = {
			isa = PBXContainerItemProxy;
			containerPortal = E64EB68C1C33CEC5009CA3B2 /* Project object */;
			proxyType = 1;
			remoteGlobalIDString = E64EB6931C33CEC5009CA3B2;
			remoteInfo = YLSliderVC;
		};
		E64EB6B91C33CEC5009CA3B2 /* PBXContainerItemProxy */ = {
			isa = PBXContainerItemProxy;
			containerPortal = E64EB68C1C33CEC5009CA3B2 /* Project object */;
			proxyType = 1;
			remoteGlobalIDString = E64EB6931C33CEC5009CA3B2;
			remoteInfo = YLSliderVC;
		};
/* End PBXContainerItemProxy section */

/* Begin PBXFileReference section */
		E64EB6941C33CEC5009CA3B2 /* YLSliderVC.app */ = {isa = PBXFileReference; explicitFileType = wrapper.application; includeInIndex = 0; path = YLSliderVC.app; sourceTree = BUILT_PRODUCTS_DIR; };
		E64EB6981C33CEC5009CA3B2 /* main.m */ = {isa = PBXFileReference; lastKnownFileType = sourcecode.c.objc; path = main.m; sourceTree = "<group>"; };
		E64EB69A1C33CEC5009CA3B2 /* AppDelegate.h */ = {isa = PBXFileReference; lastKnownFileType = sourcecode.c.h; path = AppDelegate.h; sourceTree = "<group>"; };
		E64EB69B1C33CEC5009CA3B2 /* AppDelegate.m */ = {isa = PBXFileReference; lastKnownFileType = sourcecode.c.objc; path = AppDelegate.m; sourceTree = "<group>"; };
		E64EB69D1C33CEC5009CA3B2 /* ViewController.h */ = {isa = PBXFileReference; lastKnownFileType = sourcecode.c.h; path = ViewController.h; sourceTree = "<group>"; };
		E64EB69E1C33CEC5009CA3B2 /* ViewController.m */ = {isa = PBXFileReference; lastKnownFileType = sourcecode.c.objc; path = ViewController.m; sourceTree = "<group>"; };
		E64EB6A11C33CEC5009CA3B2 /* Base */ = {isa = PBXFileReference; lastKnownFileType = file.storyboard; name = Base; path = Base.lproj/Main.storyboard; sourceTree = "<group>"; };
		E64EB6A31C33CEC5009CA3B2 /* Assets.xcassets */ = {isa = PBXFileReference; lastKnownFileType = folder.assetcatalog; path = Assets.xcassets; sourceTree = "<group>"; };
		E64EB6A61C33CEC5009CA3B2 /* Base */ = {isa = PBXFileReference; lastKnownFileType = file.storyboard; name = Base; path = Base.lproj/LaunchScreen.storyboard; sourceTree = "<group>"; };
		E64EB6A81C33CEC5009CA3B2 /* Info.plist */ = {isa = PBXFileReference; lastKnownFileType = text.plist.xml; path = Info.plist; sourceTree = "<group>"; };
		E64EB6AD1C33CEC5009CA3B2 /* YLSliderVCTests.xctest */ = {isa = PBXFileReference; explicitFileType = wrapper.cfbundle; includeInIndex = 0; path = YLSliderVCTests.xctest; sourceTree = BUILT_PRODUCTS_DIR; };
		E64EB6B11C33CEC5009CA3B2 /* YLSliderVCTests.m */ = {isa = PBXFileReference; lastKnownFileType = sourcecode.c.objc; path = YLSliderVCTests.m; sourceTree = "<group>"; };
		E64EB6B31C33CEC5009CA3B2 /* Info.plist */ = {isa = PBXFileReference; lastKnownFileType = text.plist.xml; path = Info.plist; sourceTree = "<group>"; };
		E64EB6B81C33CEC5009CA3B2 /* YLSliderVCUITests.xctest */ = {isa = PBXFileReference; explicitFileType = wrapper.cfbundle; includeInIndex = 0; path = YLSliderVCUITests.xctest; sourceTree = BUILT_PRODUCTS_DIR; };
		E64EB6BC1C33CEC5009CA3B2 /* YLSliderVCUITests.m */ = {isa = PBXFileReference; lastKnownFileType = sourcecode.c.objc; path = YLSliderVCUITests.m; sourceTree = "<group>"; };
		E64EB6BE1C33CEC5009CA3B2 /* Info.plist */ = {isa = PBXFileReference; lastKnownFileType = text.plist.xml; path = Info.plist; sourceTree = "<group>"; };
		E64EB6CD1C33D50C009CA3B2 /* Info.plist */ = {isa = PBXFileReference; fileEncoding = 4; lastKnownFileType = text.plist.xml; path = Info.plist; sourceTree = "<group>"; };
		E64EB6CE1C33D50C009CA3B2 /* MASCompositeConstraint.h */ = {isa = PBXFileReference; fileEncoding = 4; lastKnownFileType = sourcecode.c.h; path = MASCompositeConstraint.h; sourceTree = "<group>"; };
		E64EB6CF1C33D50C009CA3B2 /* MASCompositeConstraint.m */ = {isa = PBXFileReference; fileEncoding = 4; lastKnownFileType = sourcecode.c.objc; path = MASCompositeConstraint.m; sourceTree = "<group>"; };
		E64EB6D01C33D50C009CA3B2 /* MASConstraint+Private.h */ = {isa = PBXFileReference; fileEncoding = 4; lastKnownFileType = sourcecode.c.h; path = "MASConstraint+Private.h"; sourceTree = "<group>"; };
		E64EB6D11C33D50C009CA3B2 /* MASConstraint.h */ = {isa = PBXFileReference; fileEncoding = 4; lastKnownFileType = sourcecode.c.h; path = MASConstraint.h; sourceTree = "<group>"; };
		E64EB6D21C33D50C009CA3B2 /* MASConstraint.m */ = {isa = PBXFileReference; fileEncoding = 4; lastKnownFileType = sourcecode.c.objc; path = MASConstraint.m; sourceTree = "<group>"; };
		E64EB6D31C33D50C009CA3B2 /* MASConstraintMaker.h */ = {isa = PBXFileReference; fileEncoding = 4; lastKnownFileType = sourcecode.c.h; path = MASConstraintMaker.h; sourceTree = "<group>"; };
		E64EB6D41C33D50C009CA3B2 /* MASConstraintMaker.m */ = {isa = PBXFileReference; fileEncoding = 4; lastKnownFileType = sourcecode.c.objc; path = MASConstraintMaker.m; sourceTree = "<group>"; };
		E64EB6D51C33D50C009CA3B2 /* MASLayoutConstraint.h */ = {isa = PBXFileReference; fileEncoding = 4; lastKnownFileType = sourcecode.c.h; path = MASLayoutConstraint.h; sourceTree = "<group>"; };
		E64EB6D61C33D50C009CA3B2 /* MASLayoutConstraint.m */ = {isa = PBXFileReference; fileEncoding = 4; lastKnownFileType = sourcecode.c.objc; path = MASLayoutConstraint.m; sourceTree = "<group>"; };
		E64EB6D71C33D50C009CA3B2 /* Masonry.h */ = {isa = PBXFileReference; fileEncoding = 4; lastKnownFileType = sourcecode.c.h; path = Masonry.h; sourceTree = "<group>"; };
		E64EB6D81C33D50C009CA3B2 /* MASUtilities.h */ = {isa = PBXFileReference; fileEncoding = 4; lastKnownFileType = sourcecode.c.h; path = MASUtilities.h; sourceTree = "<group>"; };
		E64EB6D91C33D50C009CA3B2 /* MASViewAttribute.h */ = {isa = PBXFileReference; fileEncoding = 4; lastKnownFileType = sourcecode.c.h; path = MASViewAttribute.h; sourceTree = "<group>"; };
		E64EB6DA1C33D50C009CA3B2 /* MASViewAttribute.m */ = {isa = PBXFileReference; fileEncoding = 4; lastKnownFileType = sourcecode.c.objc; path = MASViewAttribute.m; sourceTree = "<group>"; };
		E64EB6DB1C33D50C009CA3B2 /* MASViewConstraint.h */ = {isa = PBXFileReference; fileEncoding = 4; lastKnownFileType = sourcecode.c.h; path = MASViewConstraint.h; sourceTree = "<group>"; };
		E64EB6DC1C33D50C009CA3B2 /* MASViewConstraint.m */ = {isa = PBXFileReference; fileEncoding = 4; lastKnownFileType = sourcecode.c.objc; path = MASViewConstraint.m; sourceTree = "<group>"; };
		E64EB6DD1C33D50C009CA3B2 /* NSArray+MASAdditions.h */ = {isa = PBXFileReference; fileEncoding = 4; lastKnownFileType = sourcecode.c.h; path = "NSArray+MASAdditions.h"; sourceTree = "<group>"; };
		E64EB6DE1C33D50C009CA3B2 /* NSArray+MASAdditions.m */ = {isa = PBXFileReference; fileEncoding = 4; lastKnownFileType = sourcecode.c.objc; path = "NSArray+MASAdditions.m"; sourceTree = "<group>"; };
		E64EB6DF1C33D50C009CA3B2 /* NSArray+MASShorthandAdditions.h */ = {isa = PBXFileReference; fileEncoding = 4; lastKnownFileType = sourcecode.c.h; path = "NSArray+MASShorthandAdditions.h"; sourceTree = "<group>"; };
		E64EB6E01C33D50C009CA3B2 /* NSLayoutConstraint+MASDebugAdditions.h */ = {isa = PBXFileReference; fileEncoding = 4; lastKnownFileType = sourcecode.c.h; path = "NSLayoutConstraint+MASDebugAdditions.h"; sourceTree = "<group>"; };
		E64EB6E11C33D50C009CA3B2 /* NSLayoutConstraint+MASDebugAdditions.m */ = {isa = PBXFileReference; fileEncoding = 4; lastKnownFileType = sourcecode.c.objc; path = "NSLayoutConstraint+MASDebugAdditions.m"; sourceTree = "<group>"; };
		E64EB6E21C33D50C009CA3B2 /* View+MASAdditions.h */ = {isa = PBXFileReference; fileEncoding = 4; lastKnownFileType = sourcecode.c.h; path = "View+MASAdditions.h"; sourceTree = "<group>"; };
		E64EB6E31C33D50C009CA3B2 /* View+MASAdditions.m */ = {isa = PBXFileReference; fileEncoding = 4; lastKnownFileType = sourcecode.c.objc; path = "View+MASAdditions.m"; sourceTree = "<group>"; };
		E64EB6E41C33D50C009CA3B2 /* View+MASShorthandAdditions.h */ = {isa = PBXFileReference; fileEncoding = 4; lastKnownFileType = sourcecode.c.h; path = "View+MASShorthandAdditions.h"; sourceTree = "<group>"; };
		E64EB6E51C33D50C009CA3B2 /* ViewController+MASAdditions.h */ = {isa = PBXFileReference; fileEncoding = 4; lastKnownFileType = sourcecode.c.h; path = "ViewController+MASAdditions.h"; sourceTree = "<group>"; };
		E64EB6E61C33D50C009CA3B2 /* ViewController+MASAdditions.m */ = {isa = PBXFileReference; fileEncoding = 4; lastKnownFileType = sourcecode.c.objc; path = "ViewController+MASAdditions.m"; sourceTree = "<group>"; };
		E64EB6F51C33E86C009CA3B2 /* YLSliderViewController.h */ = {isa = PBXFileReference; fileEncoding = 4; lastKnownFileType = sourcecode.c.h; path = YLSliderViewController.h; sourceTree = "<group>"; };
		E64EB6F61C33E86C009CA3B2 /* YLSliderViewController.m */ = {isa = PBXFileReference; fileEncoding = 4; lastKnownFileType = sourcecode.c.objc; path = YLSliderViewController.m; sourceTree = "<group>"; };
/* End PBXFileReference section */

/* Begin PBXFrameworksBuildPhase section */
		E64EB6911C33CEC5009CA3B2 /* Frameworks */ = {
			isa = PBXFrameworksBuildPhase;
			buildActionMask = 2147483647;
			files = (
			);
			runOnlyForDeploymentPostprocessing = 0;
		};
		E64EB6AA1C33CEC5009CA3B2 /* Frameworks */ = {
			isa = PBXFrameworksBuildPhase;
			buildActionMask = 2147483647;
			files = (
			);
			runOnlyForDeploymentPostprocessing = 0;
		};
		E64EB6B51C33CEC5009CA3B2 /* Frameworks */ = {
			isa = PBXFrameworksBuildPhase;
			buildActionMask = 2147483647;
			files = (
			);
			runOnlyForDeploymentPostprocessing = 0;
		};
/* End PBXFrameworksBuildPhase section */

/* Begin PBXGroup section */
		E64EB68B1C33CEC5009CA3B2 = {
			isa = PBXGroup;
			children = (
				E64EB6961C33CEC5009CA3B2 /* YLSliderVC */,
				E64EB6B01C33CEC5009CA3B2 /* YLSliderVCTests */,
				E64EB6BB1C33CEC5009CA3B2 /* YLSliderVCUITests */,
				E64EB6951C33CEC5009CA3B2 /* Products */,
			);
			sourceTree = "<group>";
		};
		E64EB6951C33CEC5009CA3B2 /* Products */ = {
			isa = PBXGroup;
			children = (
				E64EB6941C33CEC5009CA3B2 /* YLSliderVC.app */,
				E64EB6AD1C33CEC5009CA3B2 /* YLSliderVCTests.xctest */,
				E64EB6B81C33CEC5009CA3B2 /* YLSliderVCUITests.xctest */,
			);
			name = Products;
			sourceTree = "<group>";
		};
		E64EB6961C33CEC5009CA3B2 /* YLSliderVC */ = {
			isa = PBXGroup;
			children = (
				E64EB69A1C33CEC5009CA3B2 /* AppDelegate.h */,
				E64EB69B1C33CEC5009CA3B2 /* AppDelegate.m */,
				E64EB69D1C33CEC5009CA3B2 /* ViewController.h */,
				E64EB69E1C33CEC5009CA3B2 /* ViewController.m */,
				E64EB6F51C33E86C009CA3B2 /* YLSliderViewController.h */,
				E64EB6F61C33E86C009CA3B2 /* YLSliderViewController.m */,
				E64EB6CC1C33D50C009CA3B2 /* Masonry */,
				E64EB6A01C33CEC5009CA3B2 /* Main.storyboard */,
				E64EB6A31C33CEC5009CA3B2 /* Assets.xcassets */,
				E64EB6A51C33CEC5009CA3B2 /* LaunchScreen.storyboard */,
				E64EB6A81C33CEC5009CA3B2 /* Info.plist */,
				E64EB6971C33CEC5009CA3B2 /* Supporting Files */,
			);
			path = YLSliderVC;
			sourceTree = "<group>";
		};
		E64EB6971C33CEC5009CA3B2 /* Supporting Files */ = {
			isa = PBXGroup;
			children = (
				E64EB6981C33CEC5009CA3B2 /* main.m */,
			);
			name = "Supporting Files";
			sourceTree = "<group>";
		};
		E64EB6B01C33CEC5009CA3B2 /* YLSliderVCTests */ = {
			isa = PBXGroup;
			children = (
				E64EB6B11C33CEC5009CA3B2 /* YLSliderVCTests.m */,
				E64EB6B31C33CEC5009CA3B2 /* Info.plist */,
			);
			path = YLSliderVCTests;
			sourceTree = "<group>";
		};
		E64EB6BB1C33CEC5009CA3B2 /* YLSliderVCUITests */ = {
			isa = PBXGroup;
			children = (
				E64EB6BC1C33CEC5009CA3B2 /* YLSliderVCUITests.m */,
				E64EB6BE1C33CEC5009CA3B2 /* Info.plist */,
			);
			path = YLSliderVCUITests;
			sourceTree = "<group>";
		};
		E64EB6CC1C33D50C009CA3B2 /* Masonry */ = {
			isa = PBXGroup;
			children = (
				E64EB6CD1C33D50C009CA3B2 /* Info.plist */,
				E64EB6CE1C33D50C009CA3B2 /* MASCompositeConstraint.h */,
				E64EB6CF1C33D50C009CA3B2 /* MASCompositeConstraint.m */,
				E64EB6D01C33D50C009CA3B2 /* MASConstraint+Private.h */,
				E64EB6D11C33D50C009CA3B2 /* MASConstraint.h */,
				E64EB6D21C33D50C009CA3B2 /* MASConstraint.m */,
				E64EB6D31C33D50C009CA3B2 /* MASConstraintMaker.h */,
				E64EB6D41C33D50C009CA3B2 /* MASConstraintMaker.m */,
				E64EB6D51C33D50C009CA3B2 /* MASLayoutConstraint.h */,
				E64EB6D61C33D50C009CA3B2 /* MASLayoutConstraint.m */,
				E64EB6D71C33D50C009CA3B2 /* Masonry.h */,
				E64EB6D81C33D50C009CA3B2 /* MASUtilities.h */,
				E64EB6D91C33D50C009CA3B2 /* MASViewAttribute.h */,
				E64EB6DA1C33D50C009CA3B2 /* MASViewAttribute.m */,
				E64EB6DB1C33D50C009CA3B2 /* MASViewConstraint.h */,
				E64EB6DC1C33D50C009CA3B2 /* MASViewConstraint.m */,
				E64EB6DD1C33D50C009CA3B2 /* NSArray+MASAdditions.h */,
				E64EB6DE1C33D50C009CA3B2 /* NSArray+MASAdditions.m */,
				E64EB6DF1C33D50C009CA3B2 /* NSArray+MASShorthandAdditions.h */,
				E64EB6E01C33D50C009CA3B2 /* NSLayoutConstraint+MASDebugAdditions.h */,
				E64EB6E11C33D50C009CA3B2 /* NSLayoutConstraint+MASDebugAdditions.m */,
				E64EB6E21C33D50C009CA3B2 /* View+MASAdditions.h */,
				E64EB6E31C33D50C009CA3B2 /* View+MASAdditions.m */,
				E64EB6E41C33D50C009CA3B2 /* View+MASShorthandAdditions.h */,
				E64EB6E51C33D50C009CA3B2 /* ViewController+MASAdditions.h */,
				E64EB6E61C33D50C009CA3B2 /* ViewController+MASAdditions.m */,
			);
			path = Masonry;
			sourceTree = "<group>";
		};
/* End PBXGroup section */

/* Begin PBXNativeTarget section */
		E64EB6931C33CEC5009CA3B2 /* YLSliderVC */ = {
			isa = PBXNativeTarget;
			buildConfigurationList = E64EB6C11C33CEC5009CA3B2 /* Build configuration list for PBXNativeTarget "YLSliderVC" */;
			buildPhases = (
				E64EB6901C33CEC5009CA3B2 /* Sources */,
				E64EB6911C33CEC5009CA3B2 /* Frameworks */,
				E64EB6921C33CEC5009CA3B2 /* Resources */,
			);
			buildRules = (
			);
			dependencies = (
			);
			name = YLSliderVC;
			productName = YLSliderVC;
			productReference = E64EB6941C33CEC5009CA3B2 /* YLSliderVC.app */;
			productType = "com.apple.product-type.application";
		};
		E64EB6AC1C33CEC5009CA3B2 /* YLSliderVCTests */ = {
			isa = PBXNativeTarget;
			buildConfigurationList = E64EB6C41C33CEC5009CA3B2 /* Build configuration list for PBXNativeTarget "YLSliderVCTests" */;
			buildPhases = (
				E64EB6A91C33CEC5009CA3B2 /* Sources */,
				E64EB6AA1C33CEC5009CA3B2 /* Frameworks */,
				E64EB6AB1C33CEC5009CA3B2 /* Resources */,
			);
			buildRules = (
			);
			dependencies = (
				E64EB6AF1C33CEC5009CA3B2 /* PBXTargetDependency */,
			);
			name = YLSliderVCTests;
			productName = YLSliderVCTests;
			productReference = E64EB6AD1C33CEC5009CA3B2 /* YLSliderVCTests.xctest */;
			productType = "com.apple.product-type.bundle.unit-test";
		};
		E64EB6B71C33CEC5009CA3B2 /* YLSliderVCUITests */ = {
			isa = PBXNativeTarget;
			buildConfigurationList = E64EB6C71C33CEC5009CA3B2 /* Build configuration list for PBXNativeTarget "YLSliderVCUITests" */;
			buildPhases = (
				E64EB6B41C33CEC5009CA3B2 /* Sources */,
				E64EB6B51C33CEC5009CA3B2 /* Frameworks */,
				E64EB6B61C33CEC5009CA3B2 /* Resources */,
			);
			buildRules = (
			);
			dependencies = (
				E64EB6BA1C33CEC5009CA3B2 /* PBXTargetDependency */,
			);
			name = YLSliderVCUITests;
			productName = YLSliderVCUITests;
			productReference = E64EB6B81C33CEC5009CA3B2 /* YLSliderVCUITests.xctest */;
			productType = "com.apple.product-type.bundle.ui-testing";
		};
/* End PBXNativeTarget section */

/* Begin PBXProject section */
		E64EB68C1C33CEC5009CA3B2 /* Project object */ = {
			isa = PBXProject;
			attributes = {
				LastUpgradeCheck = 0710;
				ORGANIZATIONNAME = itcast;
				TargetAttributes = {
					E64EB6931C33CEC5009CA3B2 = {
						CreatedOnToolsVersion = 7.1;
					};
					E64EB6AC1C33CEC5009CA3B2 = {
						CreatedOnToolsVersion = 7.1;
						TestTargetID = E64EB6931C33CEC5009CA3B2;
					};
					E64EB6B71C33CEC5009CA3B2 = {
						CreatedOnToolsVersion = 7.1;
						TestTargetID = E64EB6931C33CEC5009CA3B2;
					};
				};
			};
			buildConfigurationList = E64EB68F1C33CEC5009CA3B2 /* Build configuration list for PBXProject "YLSliderVC" */;
			compatibilityVersion = "Xcode 3.2";
			developmentRegion = English;
			hasScannedForEncodings = 0;
			knownRegions = (
				en,
				Base,
			);
			mainGroup = E64EB68B1C33CEC5009CA3B2;
			productRefGroup = E64EB6951C33CEC5009CA3B2 /* Products */;
			projectDirPath = "";
			projectRoot = "";
			targets = (
				E64EB6931C33CEC5009CA3B2 /* YLSliderVC */,
				E64EB6AC1C33CEC5009CA3B2 /* YLSliderVCTests */,
				E64EB6B71C33CEC5009CA3B2 /* YLSliderVCUITests */,
			);
		};
/* End PBXProject section */

/* Begin PBXResourcesBuildPhase section */
		E64EB6921C33CEC5009CA3B2 /* Resources */ = {
			isa = PBXResourcesBuildPhase;
			buildActionMask = 2147483647;
			files = (
				E64EB6E71C33D50C009CA3B2 /* Info.plist in Resources */,
				E64EB6A71C33CEC5009CA3B2 /* LaunchScreen.storyboard in Resources */,
				E64EB6A41C33CEC5009CA3B2 /* Assets.xcassets in Resources */,
				E64EB6A21C33CEC5009CA3B2 /* Main.storyboard in Resources */,
			);
			runOnlyForDeploymentPostprocessing = 0;
		};
		E64EB6AB1C33CEC5009CA3B2 /* Resources */ = {
			isa = PBXResourcesBuildPhase;
			buildActionMask = 2147483647;
			files = (
			);
			runOnlyForDeploymentPostprocessing = 0;
		};
		E64EB6B61C33CEC5009CA3B2 /* Resources */ = {
			isa = PBXResourcesBuildPhase;
			buildActionMask = 2147483647;
			files = (
			);
			runOnlyForDeploymentPostprocessing = 0;
		};
/* End PBXResourcesBuildPhase section */

/* Begin PBXSourcesBuildPhase section */
		E64EB6901C33CEC5009CA3B2 /* Sources */ = {
			isa = PBXSourcesBuildPhase;
			buildActionMask = 2147483647;
			files = (
				E64EB6EF1C33D50C009CA3B2 /* NSLayoutConstraint+MASDebugAdditions.m in Sources */,
				E64EB6F71C33E86C009CA3B2 /* YLSliderViewController.m in Sources */,
				E64EB6ED1C33D50C009CA3B2 /* MASViewConstraint.m in Sources */,
				E64EB6E81C33D50C009CA3B2 /* MASCompositeConstraint.m in Sources */,
				E64EB6EE1C33D50C009CA3B2 /* NSArray+MASAdditions.m in Sources */,
				E64EB69F1C33CEC5009CA3B2 /* ViewController.m in Sources */,
				E64EB69C1C33CEC5009CA3B2 /* AppDelegate.m in Sources */,
				E64EB6EB1C33D50C009CA3B2 /* MASLayoutConstraint.m in Sources */,
				E64EB6991C33CEC5009CA3B2 /* main.m in Sources */,
				E64EB6F11C33D50C009CA3B2 /* ViewController+MASAdditions.m in Sources */,
				E64EB6F01C33D50C009CA3B2 /* View+MASAdditions.m in Sources */,
				E64EB6EC1C33D50C009CA3B2 /* MASViewAttribute.m in Sources */,
				E64EB6E91C33D50C009CA3B2 /* MASConstraint.m in Sources */,
				E64EB6EA1C33D50C009CA3B2 /* MASConstraintMaker.m in Sources */,
			);
			runOnlyForDeploymentPostprocessing = 0;
		};
		E64EB6A91C33CEC5009CA3B2 /* Sources */ = {
			isa = PBXSourcesBuildPhase;
			buildActionMask = 2147483647;
			files = (
				E64EB6B21C33CEC5009CA3B2 /* YLSliderVCTests.m in Sources */,
			);
			runOnlyForDeploymentPostprocessing = 0;
		};
		E64EB6B41C33CEC5009CA3B2 /* Sources */ = {
			isa = PBXSourcesBuildPhase;
			buildActionMask = 2147483647;
			files = (
				E64EB6BD1C33CEC5009CA3B2 /* YLSliderVCUITests.m in Sources */,
			);
			runOnlyForDeploymentPostprocessing = 0;
		};
/* End PBXSourcesBuildPhase section */

/* Begin PBXTargetDependency section */
		E64EB6AF1C33CEC5009CA3B2 /* PBXTargetDependency */ = {
			isa = PBXTargetDependency;
			target = E64EB6931C33CEC5009CA3B2 /* YLSliderVC */;
			targetProxy = E64EB6AE1C33CEC5009CA3B2 /* PBXContainerItemProxy */;
		};
		E64EB6BA1C33CEC5009CA3B2 /* PBXTargetDependency */ = {
			isa = PBXTargetDependency;
			target = E64EB6931C33CEC5009CA3B2 /* YLSliderVC */;
			targetProxy = E64EB6B91C33CEC5009CA3B2 /* PBXContainerItemProxy */;
		};
/* End PBXTargetDependency section */

/* Begin PBXVariantGroup section */
		E64EB6A01C33CEC5009CA3B2 /* Main.storyboard */ = {
			isa = PBXVariantGroup;
			children = (
				E64EB6A11C33CEC5009CA3B2 /* Base */,
			);
			name = Main.storyboard;
			sourceTree = "<group>";
		};
		E64EB6A51C33CEC5009CA3B2 /* LaunchScreen.storyboard */ = {
			isa = PBXVariantGroup;
			children = (
				E64EB6A61C33CEC5009CA3B2 /* Base */,
			);
			name = LaunchScreen.storyboard;
			sourceTree = "<group>";
		};
/* End PBXVariantGroup section */

/* Begin XCBuildConfiguration section */
		E64EB6BF1C33CEC5009CA3B2 /* Debug */ = {
			isa = XCBuildConfiguration;
			buildSettings = {
				ALWAYS_SEARCH_USER_PATHS = NO;
				CLANG_CXX_LANGUAGE_STANDARD = "gnu++0x";
				CLANG_CXX_LIBRARY = "libc++";
				CLANG_ENABLE_MODULES = YES;
				CLANG_ENABLE_OBJC_ARC = YES;
				CLANG_WARN_BOOL_CONVERSION = YES;
				CLANG_WARN_CONSTANT_CONVERSION = YES;
				CLANG_WARN_DIRECT_OBJC_ISA_USAGE = YES_ERROR;
				CLANG_WARN_EMPTY_BODY = YES;
				CLANG_WARN_ENUM_CONVERSION = YES;
				CLANG_WARN_INT_CONVERSION = YES;
				CLANG_WARN_OBJC_ROOT_CLASS = YES_ERROR;
				CLANG_WARN_UNREACHABLE_CODE = YES;
				CLANG_WARN__DUPLICATE_METHOD_MATCH = YES;
				"CODE_SIGN_IDENTITY[sdk=iphoneos*]" = "iPhone Developer";
				COPY_PHASE_STRIP = NO;
				DEBUG_INFORMATION_FORMAT = dwarf;
				ENABLE_STRICT_OBJC_MSGSEND = YES;
				ENABLE_TESTABILITY = YES;
				GCC_C_LANGUAGE_STANDARD = gnu99;
				GCC_DYNAMIC_NO_PIC = NO;
				GCC_NO_COMMON_BLOCKS = YES;
				GCC_OPTIMIZATION_LEVEL = 0;
				GCC_PREPROCESSOR_DEFINITIONS = (
					"DEBUG=1",
					"$(inherited)",
				);
				GCC_WARN_64_TO_32_BIT_CONVERSION = YES;
				GCC_WARN_ABOUT_RETURN_TYPE = YES_ERROR;
				GCC_WARN_UNDECLARED_SELECTOR = YES;
				GCC_WARN_UNINITIALIZED_AUTOS = YES_AGGRESSIVE;
				GCC_WARN_UNUSED_FUNCTION = YES;
				GCC_WARN_UNUSED_VARIABLE = YES;
				IPHONEOS_DEPLOYMENT_TARGET = 9.1;
				MTL_ENABLE_DEBUG_INFO = YES;
				ONLY_ACTIVE_ARCH = YES;
				SDKROOT = iphoneos;
			};
			name = Debug;
		};
		E64EB6C01C33CEC5009CA3B2 /* Release */ = {
			isa = XCBuildConfiguration;
			buildSettings = {
				ALWAYS_SEARCH_USER_PATHS = NO;
				CLANG_CXX_LANGUAGE_STANDARD = "gnu++0x";
				CLANG_CXX_LIBRARY = "libc++";
				CLANG_ENABLE_MODULES = YES;
				CLANG_ENABLE_OBJC_ARC = YES;
				CLANG_WARN_BOOL_CONVERSION = YES;
				CLANG_WARN_CONSTANT_CONVERSION = YES;
				CLANG_WARN_DIRECT_OBJC_ISA_USAGE = YES_ERROR;
				CLANG_WARN_EMPTY_BODY = YES;
				CLANG_WARN_ENUM_CONVERSION = YES;
				CLANG_WARN_INT_CONVERSION = YES;
				CLANG_WARN_OBJC_ROOT_CLASS = YES_ERROR;
				CLANG_WARN_UNREACHABLE_CODE = YES;
				CLANG_WARN__DUPLICATE_METHOD_MATCH = YES;
				"CODE_SIGN_IDENTITY[sdk=iphoneos*]" = "iPhone Developer";
				COPY_PHASE_STRIP = NO;
				DEBUG_INFORMATION_FORMAT = "dwarf-with-dsym";
				ENABLE_NS_ASSERTIONS = NO;
				ENABLE_STRICT_OBJC_MSGSEND = YES;
				GCC_C_LANGUAGE_STANDARD = gnu99;
				GCC_NO_COMMON_BLOCKS = YES;
				GCC_WARN_64_TO_32_BIT_CONVERSION = YES;
				GCC_WARN_ABOUT_RETURN_TYPE = YES_ERROR;
				GCC_WARN_UNDECLARED_SELECTOR = YES;
				GCC_WARN_UNINITIALIZED_AUTOS = YES_AGGRESSIVE;
				GCC_WARN_UNUSED_FUNCTION = YES;
				GCC_WARN_UNUSED_VARIABLE = YES;
				IPHONEOS_DEPLOYMENT_TARGET = 9.1;
				MTL_ENABLE_DEBUG_INFO = NO;
				SDKROOT = iphoneos;
				VALIDATE_PRODUCT = YES;
			};
			name = Release;
		};
		E64EB6C21C33CEC5009CA3B2 /* Debug */ = {
			isa = XCBuildConfiguration;
			buildSettings = {
				ASSETCATALOG_COMPILER_APPICON_NAME = AppIcon;
				INFOPLIST_FILE = YLSliderVC/Info.plist;
				LD_RUNPATH_SEARCH_PATHS = "$(inherited) @executable_path/Frameworks";
				PRODUCT_BUNDLE_IDENTIFIER = cn.itcast.YLSliderVC;
				PRODUCT_NAME = "$(TARGET_NAME)";
			};
			name = Debug;
		};
		E64EB6C31C33CEC5009CA3B2 /* Release */ = {
			isa = XCBuildConfiguration;
			buildSettings = {
				ASSETCATALOG_COMPILER_APPICON_NAME = AppIcon;
				INFOPLIST_FILE = YLSliderVC/Info.plist;
				LD_RUNPATH_SEARCH_PATHS = "$(inherited) @executable_path/Frameworks";
				PRODUCT_BUNDLE_IDENTIFIER = cn.itcast.YLSliderVC;
				PRODUCT_NAME = "$(TARGET_NAME)";
			};
			name = Release;
		};
		E64EB6C51C33CEC5009CA3B2 /* Debug */ = {
			isa = XCBuildConfiguration;
			buildSettings = {
				BUNDLE_LOADER = "$(TEST_HOST)";
				INFOPLIST_FILE = YLSliderVCTests/Info.plist;
				LD_RUNPATH_SEARCH_PATHS = "$(inherited) @executable_path/Frameworks @loader_path/Frameworks";
				PRODUCT_BUNDLE_IDENTIFIER = cn.itcast.YLSliderVCTests;
				PRODUCT_NAME = "$(TARGET_NAME)";
				TEST_HOST = "$(BUILT_PRODUCTS_DIR)/YLSliderVC.app/YLSliderVC";
			};
			name = Debug;
		};
		E64EB6C61C33CEC5009CA3B2 /* Release */ = {
			isa = XCBuildConfiguration;
			buildSettings = {
				BUNDLE_LOADER = "$(TEST_HOST)";
				INFOPLIST_FILE = YLSliderVCTests/Info.plist;
				LD_RUNPATH_SEARCH_PATHS = "$(inherited) @executable_path/Frameworks @loader_path/Frameworks";
				PRODUCT_BUNDLE_IDENTIFIER = cn.itcast.YLSliderVCTests;
				PRODUCT_NAME = "$(TARGET_NAME)";
				TEST_HOST = "$(BUILT_PRODUCTS_DIR)/YLSliderVC.app/YLSliderVC";
			};
			name = Release;
		};
		E64EB6C81C33CEC5009CA3B2 /* Debug */ = {
			isa = XCBuildConfiguration;
			buildSettings = {
				INFOPLIST_FILE = YLSliderVCUITests/Info.plist;
				LD_RUNPATH_SEARCH_PATHS = "$(inherited) @executable_path/Frameworks @loader_path/Frameworks";
				PRODUCT_BUNDLE_IDENTIFIER = cn.itcast.YLSliderVCUITests;
				PRODUCT_NAME = "$(TARGET_NAME)";
				TEST_TARGET_NAME = YLSliderVC;
				USES_XCTRUNNER = YES;
			};
			name = Debug;
		};
		E64EB6C91C33CEC5009CA3B2 /* Release */ = {
			isa = XCBuildConfiguration;
			buildSettings = {
				INFOPLIST_FILE = YLSliderVCUITests/Info.plist;
				LD_RUNPATH_SEARCH_PATHS = "$(inherited) @executable_path/Frameworks @loader_path/Frameworks";
				PRODUCT_BUNDLE_IDENTIFIER = cn.itcast.YLSliderVCUITests;
				PRODUCT_NAME = "$(TARGET_NAME)";
				TEST_TARGET_NAME = YLSliderVC;
				USES_XCTRUNNER = YES;
			};
			name = Release;
		};
/* End XCBuildConfiguration section */

/* Begin XCConfigurationList section */
		E64EB68F1C33CEC5009CA3B2 /* Build configuration list for PBXProject "YLSliderVC" */ = {
			isa = XCConfigurationList;
			buildConfigurations = (
				E64EB6BF1C33CEC5009CA3B2 /* Debug */,
				E64EB6C01C33CEC5009CA3B2 /* Release */,
			);
			defaultConfigurationIsVisible = 0;
			defaultConfigurationName = Release;
		};
		E64EB6C11C33CEC5009CA3B2 /* Build configuration list for PBXNativeTarget "YLSliderVC" */ = {
			isa = XCConfigurationList;
			buildConfigurations = (
				E64EB6C21C33CEC5009CA3B2 /* Debug */,
				E64EB6C31C33CEC5009CA3B2 /* Release */,
			);
			defaultConfigurationIsVisible = 0;
		};
		E64EB6C41C33CEC5009CA3B2 /* Build configuration list for PBXNativeTarget "YLSliderVCTests" */ = {
			isa = XCConfigurationList;
			buildConfigurations = (
				E64EB6C51C33CEC5009CA3B2 /* Debug */,
				E64EB6C61C33CEC5009CA3B2 /* Release */,
			);
			defaultConfigurationIsVisible = 0;
		};
		E64EB6C71C33CEC5009CA3B2 /* Build configuration list for PBXNativeTarget "YLSliderVCUITests" */ = {
			isa = XCConfigurationList;
			buildConfigurations = (
				E64EB6C81C33CEC5009CA3B2 /* Debug */,
				E64EB6C91C33CEC5009CA3B2 /* Release */,
			);
			defaultConfigurationIsVisible = 0;
		};
/* End XCConfigurationList section */
	};
	rootObject = E64EB68C1C33CEC5009CA3B2 /* Project object */;
}
